{
  "name": "collection-redirect-mapper",
  "version": "0.1.0",
  "lockfileVersion": 3,
  "requires": true,
  "packages": {
    "": {
      "name": "collection-redirect-mapper",
      "version": "0.1.0",
      "bin": {
        "crm-crawl": "src/crawl-old-site.mjs"
      },
      "engines": {
        "node": ">=18"
      }
    }
  }
}
